
Microsoft Visual Studio Solution File, Format Version 12.00
# Visual Studio Version 17
VisualStudioVersion = 17.2.32519.379
MinimumVisualStudioVersion = 10.0.40219.1
Project("{FAE04EC0-301F-11D3-BF4B-00C04F79EFBC}") = "WebApiTokenBasedAuthendication", "WebApiTokenBasedAuthendication\WebApiTokenBasedAuthendication.csproj", "{2BF7489B-BD75-4B9B-B57D-544874483878}"
EndProject
Global
	GlobalSection(SolutionConfigurationPlatforms) = preSolution
		Debug|Any CPU = Debug|Any CPU
		Release|Any CPU = Release|Any CPU
	EndGlobalSection
	GlobalSection(ProjectConfigurationPlatforms) = postSolution
		{2BF7489B-BD75-4B9B-B57D-544874483878}.Debug|Any CPU.ActiveCfg = Debug|Any CPU
		{2BF7489B-BD75-4B9B-B57D-544874483878}.Debug|Any CPU.Build.0 = Debug|Any CPU
		{2BF7489B-BD75-4B9B-B57D-544874483878}.Release|Any CPU.ActiveCfg = Release|Any CPU
		{2BF7489B-BD75-4B9B-B57D-544874483878}.Release|Any CPU.Build.0 = Release|Any CPU
	EndGlobalSection
	GlobalSection(SolutionProperties) = preSolution
		HideSolutionNode = FALSE
	EndGlobalSection
	GlobalSection(ExtensibilityGlobals) = postSolution
		SolutionGuid = {22E57A47-C150-4653-967F-BD734BAA8A70}
	EndGlobalSection
EndGlobal
